
Microsoft Visual Studio Solution File, Format Version 12.00
# Visual Studio Version 16
VisualStudioVersion = 16.0.30907.101
MinimumVisualStudioVersion = 10.0.40219.1
Project("{8BC9CEB8-8B4A-11D0-8D11-00A0C91BC942}") = "Andro2D", "src\Andro2D\Andro2D.vcxproj", "{2354784F-96F9-4157-817E-F7E39AA205B1}"
EndProject
Project("{8BC9CEB8-8B4A-11D0-8D11-00A0C91BC942}") = "Andro2DApp", "src\Andro2DApp\Andro2DApp.vcxproj", "{72222342-FC05-4508-9651-926138E35926}"
EndProject
Global
	GlobalSection(SolutionConfigurationPlatforms) = preSolution
		Debug|x64 = Debug|x64
		Debug|x86 = Debug|x86
		Release|x64 = Release|x64
		Release|x86 = Release|x86
	EndGlobalSection
	GlobalSection(ProjectConfigurationPlatforms) = postSolution
		{2354784F-96F9-4157-817E-F7E39AA205B1}.Debug|x64.ActiveCfg = Debug|x64
		{2354784F-96F9-4157-817E-F7E39AA205B1}.Debug|x64.Build.0 = Debug|x64
		{2354784F-96F9-4157-817E-F7E39AA205B1}.Debug|x86.ActiveCfg = Debug|Win32
		{2354784F-96F9-4157-817E-F7E39AA205B1}.Debug|x86.Build.0 = Debug|Win32
		{2354784F-96F9-4157-817E-F7E39AA205B1}.Release|x64.ActiveCfg = Release|x64
		{2354784F-96F9-4157-817E-F7E39AA205B1}.Release|x64.Build.0 = Release|x64
		{2354784F-96F9-4157-817E-F7E39AA205B1}.Release|x86.ActiveCfg = Release|Win32
		{2354784F-96F9-4157-817E-F7E39AA205B1}.Release|x86.Build.0 = Release|Win32
		{72222342-FC05-4508-9651-926138E35926}.Debug|x64.ActiveCfg = Debug|x64
		{72222342-FC05-4508-9651-926138E35926}.Debug|x64.Build.0 = Debug|x64
		{72222342-FC05-4508-9651-926138E35926}.Debug|x86.ActiveCfg = Debug|Win32
		{72222342-FC05-4508-9651-926138E35926}.Debug|x86.Build.0 = Debug|Win32
		{72222342-FC05-4508-9651-926138E35926}.Release|x64.ActiveCfg = Release|x64
		{72222342-FC05-4508-9651-926138E35926}.Release|x64.Build.0 = Release|x64
		{72222342-FC05-4508-9651-926138E35926}.Release|x86.ActiveCfg = Release|Win32
		{72222342-FC05-4508-9651-926138E35926}.Release|x86.Build.0 = Release|Win32
	EndGlobalSection
	GlobalSection(SolutionProperties) = preSolution
		HideSolutionNode = FALSE
	EndGlobalSection
	GlobalSection(ExtensibilityGlobals) = postSolution
		SolutionGuid = {4029FC04-1423-417B-83FE-51C0B52CC646}
	EndGlobalSection
EndGlobal
